// !$*UTF8*$!
{
	archiveVersion = 1;
	classes = {
	};
	objectVersion = 46;
	objects = {

/* Begin PBXBuildFile section */
		1538B4C71EAB70CF00BC3AF0 /* AppDelegate.swift in Sources */ = {isa = PBXBuildFile; fileRef = 1538B4C61EAB70CF00BC3AF0 /* AppDelegate.swift */; };
		1538B4C91EAB70CF00BC3AF0 /* ViewController.swift in Sources */ = {isa = PBXBuildFile; fileRef = 1538B4C81EAB70CF00BC3AF0 /* ViewController.swift */; };
		1538B4CC1EAB70CF00BC3AF0 /* Main.storyboard in Resources */ = {isa = PBXBuildFile; fileRef = 1538B4CA1EAB70CF00BC3AF0 /* Main.storyboard */; };
		1538B4CE1EAB70CF00BC3AF0 /* Assets.xcassets in Resources */ = {isa = PBXBuildFile; fileRef = 1538B4CD1EAB70CF00BC3AF0 /* Assets.xcassets */; };
		1538B4D11EAB70CF00BC3AF0 /* LaunchScreen.storyboard in Resources */ = {isa = PBXBuildFile; fileRef = 1538B4CF1EAB70CF00BC3AF0 /* LaunchScreen.storyboard */; };
		1538B4D91EAB710C00BC3AF0 /* DemoTableViewController.swift in Sources */ = {isa = PBXBuildFile; fileRef = 1538B4D81EAB710C00BC3AF0 /* DemoTableViewController.swift */; };
		1538B4DB1EAB72FB00BC3AF0 /* CellTableViewCell.swift in Sources */ = {isa = PBXBuildFile; fileRef = 1538B4DA1EAB72FB00BC3AF0 /* CellTableViewCell.swift */; };
/* End PBXBuildFile section */

/* Begin PBXFileReference section */
		1538B4C31EAB70CF00BC3AF0 /* JCKRC.app */ = {isa = PBXFileReference; explicitFileType = wrapper.application; includeInIndex = 0; path = JCKRC.app; sourceTree = BUILT_PRODUCTS_DIR; };
		1538B4C61EAB70CF00BC3AF0 /* AppDelegate.swift */ = {isa = PBXFileReference; lastKnownFileType = sourcecode.swift; path = AppDelegate.swift; sourceTree = "<group>"; };
		1538B4C81EAB70CF00BC3AF0 /* ViewController.swift */ = {isa = PBXFileReference; lastKnownFileType = sourcecode.swift; path = ViewController.swift; sourceTree = "<group>"; };
		1538B4CB1EAB70CF00BC3AF0 /* Base */ = {isa = PBXFileReference; lastKnownFileType = file.storyboard; name = Base; path = Base.lproj/Main.storyboard; sourceTree = "<group>"; };
		1538B4CD1EAB70CF00BC3AF0 /* Assets.xcassets */ = {isa = PBXFileReference; lastKnownFileType = folder.assetcatalog; path = Assets.xcassets; sourceTree = "<group>"; };
		1538B4D01EAB70CF00BC3AF0 /* Base */ = {isa = PBXFileReference; lastKnownFileType = file.storyboard; name = Base; path = Base.lproj/LaunchScreen.storyboard; sourceTree = "<group>"; };
		1538B4D21EAB70CF00BC3AF0 /* Info.plist */ = {isa = PBXFileReference; lastKnownFileType = text.plist.xml; path = Info.plist; sourceTree = "<group>"; };
		1538B4D81EAB710C00BC3AF0 /* DemoTableViewController.swift */ = {isa = PBXFileReference; fileEncoding = 4; lastKnownFileType = sourcecode.swift; path = DemoTableViewController.swift; sourceTree = "<group>"; };
		1538B4DA1EAB72FB00BC3AF0 /* CellTableViewCell.swift */ = {isa = PBXFileReference; fileEncoding = 4; lastKnownFileType = sourcecode.swift; path = CellTableViewCell.swift; sourceTree = "<group>"; };
/* End PBXFileReference section */

/* Begin PBXFrameworksBuildPhase section */
		1538B4C01EAB70CF00BC3AF0 /* Frameworks */ = {
			isa = PBXFrameworksBuildPhase;
			buildActionMask = 2147483647;
			files = (
			);
			runOnlyForDeploymentPostprocessing = 0;
		};
/* End PBXFrameworksBuildPhase section */

/* Begin PBXGroup section */
		1538B4BA1EAB70CF00BC3AF0 = {
			isa = PBXGroup;
			children = (
				1538B4C51EAB70CF00BC3AF0 /* JCKRC */,
				1538B4C41EAB70CF00BC3AF0 /* Products */,
			);
			sourceTree = "<group>";
		};
		1538B4C41EAB70CF00BC3AF0 /* Products */ = {
			isa = PBXGroup;
			children = (
				1538B4C31EAB70CF00BC3AF0 /* JCKRC.app */,
			);
			name = Products;
			sourceTree = "<group>";
		};
		1538B4C51EAB70CF00BC3AF0 /* JCKRC */ = {
			isa = PBXGroup;
			children = (
				1538B4C61EAB70CF00BC3AF0 /* AppDelegate.swift */,
				1538B4C81EAB70CF00BC3AF0 /* ViewController.swift */,
				1538B4CA1EAB70CF00BC3AF0 /* Main.storyboard */,
				1538B4CD1EAB70CF00BC3AF0 /* Assets.xcassets */,
				1538B4CF1EAB70CF00BC3AF0 /* LaunchScreen.storyboard */,
				1538B4D21EAB70CF00BC3AF0 /* Info.plist */,
				1538B4D81EAB710C00BC3AF0 /* DemoTableViewController.swift */,
				1538B4DA1EAB72FB00BC3AF0 /* CellTableViewCell.swift */,
			);
			path = JCKRC;
			sourceTree = "<group>";
		};
/* End PBXGroup section */

/* Begin PBXNativeTarget section */
		1538B4C21EAB70CF00BC3AF0 /* JCKRC */ = {
			isa = PBXNativeTarget;
			buildConfigurationList = 1538B4D51EAB70CF00BC3AF0 /* Build configuration list for PBXNativeTarget "JCKRC" */;
			buildPhases = (
				1538B4BF1EAB70CF00BC3AF0 /* Sources */,
				1538B4C01EAB70CF00BC3AF0 /* Frameworks */,
				1538B4C11EAB70CF00BC3AF0 /* Resources */,
			);
			buildRules = (
			);
			dependencies = (
			);
			name = JCKRC;
			productName = JCKRC;
			productReference = 1538B4C31EAB70CF00BC3AF0 /* JCKRC.app */;
			productType = "com.apple.product-type.application";
		};
/* End PBXNativeTarget section */

/* Begin PBXProject section */
		1538B4BB1EAB70CF00BC3AF0 /* Project object */ = {
			isa = PBXProject;
			attributes = {
				LastSwiftUpdateCheck = 0810;
				LastUpgradeCheck = 0810;
				ORGANIZATIONNAME = "leapfrog-laxman";
				TargetAttributes = {
					1538B4C21EAB70CF00BC3AF0 = {
						CreatedOnToolsVersion = 8.1;
						DevelopmentTeam = UW52P3XM67;
						ProvisioningStyle = Automatic;
					};
				};
			};
			buildConfigurationList = 1538B4BE1EAB70CF00BC3AF0 /* Build configuration list for PBXProject "JCKRC" */;
			compatibilityVersion = "Xcode 3.2";
			developmentRegion = English;
			hasScannedForEncodings = 0;
			knownRegions = (
				en,
				Base,
			);
			mainGroup = 1538B4BA1EAB70CF00BC3AF0;
			productRefGroup = 1538B4C41EAB70CF00BC3AF0 /* Products */;
			projectDirPath = "";
			projectRoot = "";
			targets = (
				1538B4C21EAB70CF00BC3AF0 /* JCKRC */,
			);
		};
/* End PBXProject section */

/* Begin PBXResourcesBuildPhase section */
		1538B4C11EAB70CF00BC3AF0 /* Resources */ = {
			isa = PBXResourcesBuildPhase;
			buildActionMask = 2147483647;
			files = (
				1538B4D11EAB70CF00BC3AF0 /* LaunchScreen.storyboard in Resources */,
				1538B4CE1EAB70CF00BC3AF0 /* Assets.xcassets in Resources */,
				1538B4CC1EAB70CF00BC3AF0 /* Main.storyboard in Resources */,
			);
			runOnlyForDeploymentPostprocessing = 0;
		};
/* End PBXResourcesBuildPhase section */

/* Begin PBXSourcesBuildPhase section */
		1538B4BF1EAB70CF00BC3AF0 /* Sources */ = {
			isa = PBXSourcesBuildPhase;
			buildActionMask = 2147483647;
			files = (
				1538B4C91EAB70CF00BC3AF0 /* ViewController.swift in Sources */,
				1538B4DB1EAB72FB00BC3AF0 /* CellTableViewCell.swift in Sources */,
				1538B4C71EAB70CF00BC3AF0 /* AppDelegate.swift in Sources */,
				1538B4D91EAB710C00BC3AF0 /* DemoTableViewController.swift in Sources */,
			);
			runOnlyForDeploymentPostprocessing = 0;
		};
/* End PBXSourcesBuildPhase section */

/* Begin PBXVariantGroup section */
		1538B4CA1EAB70CF00BC3AF0 /* Main.storyboard */ = {
			isa = PBXVariantGroup;
			children = (
				1538B4CB1EAB70CF00BC3AF0 /* Base */,
			);
			name = Main.storyboard;
			sourceTree = "<group>";
		};
		1538B4CF1EAB70CF00BC3AF0 /* LaunchScreen.storyboard */ = {
			isa = PBXVariantGroup;
			children = (
				1538B4D01EAB70CF00BC3AF0 /* Base */,
			);
			name = LaunchScreen.storyboard;
			sourceTree = "<group>";
		};
/* End PBXVariantGroup section */

/* Begin XCBuildConfiguration section */
		1538B4D31EAB70CF00BC3AF0 /* Debug */ = {
			isa = XCBuildConfiguration;
			buildSettings = {
				ALWAYS_SEARCH_USER_PATHS = NO;
				CLANG_ANALYZER_NONNULL = YES;
				CLANG_CXX_LANGUAGE_STANDARD = "gnu++0x";
				CLANG_CXX_LIBRARY = "libc++";
				CLANG_ENABLE_MODULES = YES;
				CLANG_ENABLE_OBJC_ARC = YES;
				CLANG_WARN_BOOL_CONVERSION = YES;
				CLANG_WARN_CONSTANT_CONVERSION = YES;
				CLANG_WARN_DIRECT_OBJC_ISA_USAGE = YES_ERROR;
				CLANG_WARN_DOCUMENTATION_COMMENTS = YES;
				CLANG_WARN_EMPTY_BODY = YES;
				CLANG_WARN_ENUM_CONVERSION = YES;
				CLANG_WARN_INFINITE_RECURSION = YES;
				CLANG_WARN_INT_CONVERSION = YES;
				CLANG_WARN_OBJC_ROOT_CLASS = YES_ERROR;
				CLANG_WARN_SUSPICIOUS_MOVES = YES;
				CLANG_WARN_UNREACHABLE_CODE = YES;
				CLANG_WARN__DUPLICATE_METHOD_MATCH = YES;
				"CODE_SIGN_IDENTITY[sdk=iphoneos*]" = "iPhone Developer";
				COPY_PHASE_STRIP = NO;
				DEBUG_INFORMATION_FORMAT = dwarf;
				ENABLE_STRICT_OBJC_MSGSEND = YES;
				ENABLE_TESTABILITY = YES;
				GCC_C_LANGUAGE_STANDARD = gnu99;
				GCC_DYNAMIC_NO_PIC = NO;
				GCC_NO_COMMON_BLOCKS = YES;
				GCC_OPTIMIZATION_LEVEL = 0;
				GCC_PREPROCESSOR_DEFINITIONS = (
					"DEBUG=1",
					"$(inherited)",
				);
				GCC_WARN_64_TO_32_BIT_CONVERSION = YES;
				GCC_WARN_ABOUT_RETURN_TYPE = YES_ERROR;
				GCC_WARN_UNDECLARED_SELECTOR = YES;
				GCC_WARN_UNINITIALIZED_AUTOS = YES_AGGRESSIVE;
				GCC_WARN_UNUSED_FUNCTION = YES;
				GCC_WARN_UNUSED_VARIABLE = YES;
				IPHONEOS_DEPLOYMENT_TARGET = 10.1;
				MTL_ENABLE_DEBUG_INFO = YES;
				ONLY_ACTIVE_ARCH = YES;
				SDKROOT = iphoneos;
				SWIFT_ACTIVE_COMPILATION_CONDITIONS = DEBUG;
				SWIFT_OPTIMIZATION_LEVEL = "-Onone";
			};
			name = Debug;
		};
		1538B4D41EAB70CF00BC3AF0 /* Release */ = {
			isa = XCBuildConfiguration;
			buildSettings = {
				ALWAYS_SEARCH_USER_PATHS = NO;
				CLANG_ANALYZER_NONNULL = YES;
				CLANG_CXX_LANGUAGE_STANDARD = "gnu++0x";
				CLANG_CXX_LIBRARY = "libc++";
				CLANG_ENABLE_MODULES = YES;
				CLANG_ENABLE_OBJC_ARC = YES;
				CLANG_WARN_BOOL_CONVERSION = YES;
				CLANG_WARN_CONSTANT_CONVERSION = YES;
				CLANG_WARN_DIRECT_OBJC_ISA_USAGE = YES_ERROR;
				CLANG_WARN_DOCUMENTATION_COMMENTS = YES;
				CLANG_WARN_EMPTY_BODY = YES;
				CLANG_WARN_ENUM_CONVERSION = YES;
				CLANG_WARN_INFINITE_RECURSION = YES;
				CLANG_WARN_INT_CONVERSION = YES;
				CLANG_WARN_OBJC_ROOT_CLASS = YES_ERROR;
				CLANG_WARN_SUSPICIOUS_MOVES = YES;
				CLANG_WARN_UNREACHABLE_CODE = YES;
				CLANG_WARN__DUPLICATE_METHOD_MATCH = YES;
				"CODE_SIGN_IDENTITY[sdk=iphoneos*]" = "iPhone Developer";
				COPY_PHASE_STRIP = NO;
				DEBUG_INFORMATION_FORMAT = "dwarf-with-dsym";
				ENABLE_NS_ASSERTIONS = NO;
				ENABLE_STRICT_OBJC_MSGSEND = YES;
				GCC_C_LANGUAGE_STANDARD = gnu99;
				GCC_NO_COMMON_BLOCKS = YES;
				GCC_WARN_64_TO_32_BIT_CONVERSION = YES;
				GCC_WARN_ABOUT_RETURN_TYPE = YES_ERROR;
				GCC_WARN_UNDECLARED_SELECTOR = YES;
				GCC_WARN_UNINITIALIZED_AUTOS = YES_AGGRESSIVE;
				GCC_WARN_UNUSED_FUNCTION = YES;
				GCC_WARN_UNUSED_VARIABLE = YES;
				IPHONEOS_DEPLOYMENT_TARGET = 10.1;
				MTL_ENABLE_DEBUG_INFO = NO;
				SDKROOT = iphoneos;
				SWIFT_OPTIMIZATION_LEVEL = "-Owholemodule";
				VALIDATE_PRODUCT = YES;
			};
			name = Release;
		};
		1538B4D61EAB70CF00BC3AF0 /* Debug */ = {
			isa = XCBuildConfiguration;
			buildSettings = {
				ASSETCATALOG_COMPILER_APPICON_NAME = AppIcon;
				DEVELOPMENT_TEAM = UW52P3XM67;
				INFOPLIST_FILE = JCKRC/Info.plist;
				LD_RUNPATH_SEARCH_PATHS = "$(inherited) @executable_path/Frameworks";
				PRODUCT_BUNDLE_IDENTIFIER = com.wordpress.iosmyso.JCKRC;
				PRODUCT_NAME = "$(TARGET_NAME)";
				SWIFT_VERSION = 3.0;
			};
			name = Debug;
		};
		1538B4D71EAB70CF00BC3AF0 /* Release */ = {
			isa = XCBuildConfiguration;
			buildSettings = {
				ASSETCATALOG_COMPILER_APPICON_NAME = AppIcon;
				DEVELOPMENT_TEAM = UW52P3XM67;
				INFOPLIST_FILE = JCKRC/Info.plist;
				LD_RUNPATH_SEARCH_PATHS = "$(inherited) @executable_path/Frameworks";
				PRODUCT_BUNDLE_IDENTIFIER = com.wordpress.iosmyso.JCKRC;
				PRODUCT_NAME = "$(TARGET_NAME)";
				SWIFT_VERSION = 3.0;
			};
			name = Release;
		};
/* End XCBuildConfiguration section */

/* Begin XCConfigurationList section */
		1538B4BE1EAB70CF00BC3AF0 /* Build configuration list for PBXProject "JCKRC" */ = {
			isa = XCConfigurationList;
			buildConfigurations = (
				1538B4D31EAB70CF00BC3AF0 /* Debug */,
				1538B4D41EAB70CF00BC3AF0 /* Release */,
			);
			defaultConfigurationIsVisible = 0;
			defaultConfigurationName = Release;
		};
		1538B4D51EAB70CF00BC3AF0 /* Build configuration list for PBXNativeTarget "JCKRC" */ = {
			isa = XCConfigurationList;
			buildConfigurations = (
				1538B4D61EAB70CF00BC3AF0 /* Debug */,
				1538B4D71EAB70CF00BC3AF0 /* Release */,
			);
			defaultConfigurationIsVisible = 0;
		};
/* End XCConfigurationList section */
	};
	rootObject = 1538B4BB1EAB70CF00BC3AF0 /* Project object */;
}
